
Microsoft Visual Studio Solution File, Format Version 12.00
# Visual Studio Version 16
VisualStudioVersion = 16.0.29326.143
MinimumVisualStudioVersion = 10.0.40219.1
Project("{9A19103F-16F7-4668-BE54-9A1E7A4F7556}") = "Autofac.Annotation", "src\Autofac.Annotation.csproj", "{0EE9D75B-B022-4AC5-B78C-CE1E63EEEE15}"
EndProject
Project("{9A19103F-16F7-4668-BE54-9A1E7A4F7556}") = "Autofac.Configuration.Test", "test\Autofac.Configuration.Test.csproj", "{F97AF76F-36BD-4638-90ED-D732A4A58D84}"
EndProject
Project("{9A19103F-16F7-4668-BE54-9A1E7A4F7556}") = "Autofac.Annotation.Benchmark", "Autofac.Annotation.Benchmark\Autofac.Annotation.Benchmark.csproj", "{025383BC-5535-4FF3-9021-0116E8B8471E}"
EndProject
Project("{FAE04EC0-301F-11D3-BF4B-00C04F79EFBC}") = "Spring.EL", "Spring.EL\Spring.EL.csproj", "{2FC1D6CC-0A5B-4218-B051-21D95F47F8DE}"
EndProject
Project("{FAE04EC0-301F-11D3-BF4B-00C04F79EFBC}") = "SpringELTest", "SpringELTest\SpringELTest.csproj", "{95410F8A-3A5A-48A0-8F6C-B13F68F366F2}"
EndProject
Global
	GlobalSection(SolutionConfigurationPlatforms) = preSolution
		Debug|Any CPU = Debug|Any CPU
		Release|Any CPU = Release|Any CPU
	EndGlobalSection
	GlobalSection(ProjectConfigurationPlatforms) = postSolution
		{0EE9D75B-B022-4AC5-B78C-CE1E63EEEE15}.Debug|Any CPU.ActiveCfg = Debug|Any CPU
		{0EE9D75B-B022-4AC5-B78C-CE1E63EEEE15}.Debug|Any CPU.Build.0 = Debug|Any CPU
		{0EE9D75B-B022-4AC5-B78C-CE1E63EEEE15}.Release|Any CPU.ActiveCfg = Release|Any CPU
		{0EE9D75B-B022-4AC5-B78C-CE1E63EEEE15}.Release|Any CPU.Build.0 = Release|Any CPU
		{F97AF76F-36BD-4638-90ED-D732A4A58D84}.Debug|Any CPU.ActiveCfg = Debug|Any CPU
		{F97AF76F-36BD-4638-90ED-D732A4A58D84}.Debug|Any CPU.Build.0 = Debug|Any CPU
		{F97AF76F-36BD-4638-90ED-D732A4A58D84}.Release|Any CPU.ActiveCfg = Release|Any CPU
		{F97AF76F-36BD-4638-90ED-D732A4A58D84}.Release|Any CPU.Build.0 = Release|Any CPU
		{025383BC-5535-4FF3-9021-0116E8B8471E}.Debug|Any CPU.ActiveCfg = Debug|Any CPU
		{025383BC-5535-4FF3-9021-0116E8B8471E}.Debug|Any CPU.Build.0 = Debug|Any CPU
		{025383BC-5535-4FF3-9021-0116E8B8471E}.Release|Any CPU.ActiveCfg = Release|Any CPU
		{025383BC-5535-4FF3-9021-0116E8B8471E}.Release|Any CPU.Build.0 = Release|Any CPU
		{2FC1D6CC-0A5B-4218-B051-21D95F47F8DE}.Debug|Any CPU.ActiveCfg = Debug|Any CPU
		{2FC1D6CC-0A5B-4218-B051-21D95F47F8DE}.Debug|Any CPU.Build.0 = Debug|Any CPU
		{2FC1D6CC-0A5B-4218-B051-21D95F47F8DE}.Release|Any CPU.ActiveCfg = Release|Any CPU
		{2FC1D6CC-0A5B-4218-B051-21D95F47F8DE}.Release|Any CPU.Build.0 = Release|Any CPU
		{95410F8A-3A5A-48A0-8F6C-B13F68F366F2}.Debug|Any CPU.ActiveCfg = Debug|Any CPU
		{95410F8A-3A5A-48A0-8F6C-B13F68F366F2}.Debug|Any CPU.Build.0 = Debug|Any CPU
		{95410F8A-3A5A-48A0-8F6C-B13F68F366F2}.Release|Any CPU.ActiveCfg = Release|Any CPU
		{95410F8A-3A5A-48A0-8F6C-B13F68F366F2}.Release|Any CPU.Build.0 = Release|Any CPU
	EndGlobalSection
	GlobalSection(SolutionProperties) = preSolution
		HideSolutionNode = FALSE
	EndGlobalSection
	GlobalSection(ExtensibilityGlobals) = postSolution
		SolutionGuid = {53FD130B-39C4-40BF-8CD6-7F987D71F7EB}
	EndGlobalSection
EndGlobal
