
Microsoft Visual Studio Solution File, Format Version 12.00
# Visual Studio 15
VisualStudioVersion = 15.0.28307.106
MinimumVisualStudioVersion = 10.0.40219.1
Project("{9A19103F-16F7-4668-BE54-9A1E7A4F7556}") = "Autofac.Annotation", "src\Autofac.Annotation.csproj", "{0EE9D75B-B022-4AC5-B78C-CE1E63EEEE15}"
EndProject
Project("{9A19103F-16F7-4668-BE54-9A1E7A4F7556}") = "Autofac.Configuration.Test", "test\Autofac.Configuration.Test.csproj", "{F97AF76F-36BD-4638-90ED-D732A4A58D84}"
EndProject
Project("{FAE04EC0-301F-11D3-BF4B-00C04F79EFBC}") = "Autofac.Annotation.Benchmark", "Autofac.Annotation.Benchmark\Autofac.Annotation.Benchmark.csproj", "{025383BC-5535-4FF3-9021-0116E8B8471E}"
EndProject
Global
	GlobalSection(SolutionConfigurationPlatforms) = preSolution
		Debug|Any CPU = Debug|Any CPU
		Release|Any CPU = Release|Any CPU
	EndGlobalSection
	GlobalSection(ProjectConfigurationPlatforms) = postSolution
		{0EE9D75B-B022-4AC5-B78C-CE1E63EEEE15}.Debug|Any CPU.ActiveCfg = Debug|Any CPU
		{0EE9D75B-B022-4AC5-B78C-CE1E63EEEE15}.Debug|Any CPU.Build.0 = Debug|Any CPU
		{0EE9D75B-B022-4AC5-B78C-CE1E63EEEE15}.Release|Any CPU.ActiveCfg = Release|Any CPU
		{0EE9D75B-B022-4AC5-B78C-CE1E63EEEE15}.Release|Any CPU.Build.0 = Release|Any CPU
		{F97AF76F-36BD-4638-90ED-D732A4A58D84}.Debug|Any CPU.ActiveCfg = Debug|Any CPU
		{F97AF76F-36BD-4638-90ED-D732A4A58D84}.Debug|Any CPU.Build.0 = Debug|Any CPU
		{F97AF76F-36BD-4638-90ED-D732A4A58D84}.Release|Any CPU.ActiveCfg = Release|Any CPU
		{F97AF76F-36BD-4638-90ED-D732A4A58D84}.Release|Any CPU.Build.0 = Release|Any CPU
		{025383BC-5535-4FF3-9021-0116E8B8471E}.Debug|Any CPU.ActiveCfg = Debug|Any CPU
		{025383BC-5535-4FF3-9021-0116E8B8471E}.Debug|Any CPU.Build.0 = Debug|Any CPU
		{025383BC-5535-4FF3-9021-0116E8B8471E}.Release|Any CPU.ActiveCfg = Release|Any CPU
		{025383BC-5535-4FF3-9021-0116E8B8471E}.Release|Any CPU.Build.0 = Release|Any CPU
	EndGlobalSection
	GlobalSection(SolutionProperties) = preSolution
		HideSolutionNode = FALSE
	EndGlobalSection
	GlobalSection(ExtensibilityGlobals) = postSolution
		SolutionGuid = {53FD130B-39C4-40BF-8CD6-7F987D71F7EB}
	EndGlobalSection
EndGlobal
